
Microsoft Visual Studio Solution File, Format Version 12.00
# Visual Studio 14
VisualStudioVersion = 14.0.23107.0
MinimumVisualStudioVersion = 10.0.40219.1
Project("{D954291E-2A0B-460D-934E-DC6B0785DB48}") = "Calendar", "Calendar\Calendar\Calendar.shproj", "{DCB21A2B-7E41-48AC-8B4A-FDA7533C7E8E}"
EndProject
Project("{FAE04EC0-301F-11D3-BF4B-00C04F79EFBC}") = "Calendar.WinPhone", "Calendar\Calendar.WinPhone\Calendar.WinPhone.csproj", "{021F1BAC-9265-4318-986B-7765AEEC11EC}"
EndProject
Project("{FAE04EC0-301F-11D3-BF4B-00C04F79EFBC}") = "Calendar.iOS", "Calendar\Calendar.iOS\Calendar.iOS.csproj", "{5281D060-33FA-4273-ACA2-A2094C7ED4C4}"
EndProject
Project("{FAE04EC0-301F-11D3-BF4B-00C04F79EFBC}") = "Calendar.Droid", "Calendar\Calendar.Droid\Calendar.Droid.csproj", "{5D106880-E379-4EEF-A0D4-9D966C51EFEE}"
EndProject
Project("{FAE04EC0-301F-11D3-BF4B-00C04F79EFBC}") = "WindowsFormsApplication1", "WindowsFormsApplication1\WindowsFormsApplication1.csproj", "{73AA8E06-70C4-4FB2-9833-E514A61C5533}"
EndProject
Global
	GlobalSection(SharedMSBuildProjectFiles) = preSolution
		Calendar\Calendar\Calendar.projitems*{5281d060-33fa-4273-aca2-a2094c7ed4c4}*SharedItemsImports = 4
		Calendar\Calendar\Calendar.projitems*{021f1bac-9265-4318-986b-7765aeec11ec}*SharedItemsImports = 4
		Calendar\Calendar\Calendar.projitems*{5d106880-e379-4eef-a0d4-9d966c51efee}*SharedItemsImports = 4
		Calendar\Calendar\Calendar.projitems*{dcb21a2b-7e41-48ac-8b4a-fda7533c7e8e}*SharedItemsImports = 13
	EndGlobalSection
	GlobalSection(SolutionConfigurationPlatforms) = preSolution
		Ad-Hoc|Any CPU = Ad-Hoc|Any CPU
		Ad-Hoc|ARM = Ad-Hoc|ARM
		Ad-Hoc|iPhone = Ad-Hoc|iPhone
		Ad-Hoc|iPhoneSimulator = Ad-Hoc|iPhoneSimulator
		Ad-Hoc|x86 = Ad-Hoc|x86
		AppStore|Any CPU = AppStore|Any CPU
		AppStore|ARM = AppStore|ARM
		AppStore|iPhone = AppStore|iPhone
		AppStore|iPhoneSimulator = AppStore|iPhoneSimulator
		AppStore|x86 = AppStore|x86
		Debug|Any CPU = Debug|Any CPU
		Debug|ARM = Debug|ARM
		Debug|iPhone = Debug|iPhone
		Debug|iPhoneSimulator = Debug|iPhoneSimulator
		Debug|x86 = Debug|x86
		Release|Any CPU = Release|Any CPU
		Release|ARM = Release|ARM
		Release|iPhone = Release|iPhone
		Release|iPhoneSimulator = Release|iPhoneSimulator
		Release|x86 = Release|x86
	EndGlobalSection
	GlobalSection(ProjectConfigurationPlatforms) = postSolution
		{021F1BAC-9265-4318-986B-7765AEEC11EC}.Ad-Hoc|Any CPU.ActiveCfg = Release|Any CPU
		{021F1BAC-9265-4318-986B-7765AEEC11EC}.Ad-Hoc|Any CPU.Build.0 = Release|Any CPU
		{021F1BAC-9265-4318-986B-7765AEEC11EC}.Ad-Hoc|Any CPU.Deploy.0 = Release|Any CPU
		{021F1BAC-9265-4318-986B-7765AEEC11EC}.Ad-Hoc|ARM.ActiveCfg = Release|ARM
		{021F1BAC-9265-4318-986B-7765AEEC11EC}.Ad-Hoc|ARM.Build.0 = Release|ARM
		{021F1BAC-9265-4318-986B-7765AEEC11EC}.Ad-Hoc|ARM.Deploy.0 = Release|ARM
		{021F1BAC-9265-4318-986B-7765AEEC11EC}.Ad-Hoc|iPhone.ActiveCfg = Release|Any CPU
		{021F1BAC-9265-4318-986B-7765AEEC11EC}.Ad-Hoc|iPhone.Build.0 = Release|Any CPU
		{021F1BAC-9265-4318-986B-7765AEEC11EC}.Ad-Hoc|iPhone.Deploy.0 = Release|Any CPU
		{021F1BAC-9265-4318-986B-7765AEEC11EC}.Ad-Hoc|iPhoneSimulator.ActiveCfg = Release|Any CPU
		{021F1BAC-9265-4318-986B-7765AEEC11EC}.Ad-Hoc|iPhoneSimulator.Build.0 = Release|Any CPU
		{021F1BAC-9265-4318-986B-7765AEEC11EC}.Ad-Hoc|iPhoneSimulator.Deploy.0 = Release|Any CPU
		{021F1BAC-9265-4318-986B-7765AEEC11EC}.Ad-Hoc|x86.ActiveCfg = Release|x86
		{021F1BAC-9265-4318-986B-7765AEEC11EC}.Ad-Hoc|x86.Build.0 = Release|x86
		{021F1BAC-9265-4318-986B-7765AEEC11EC}.Ad-Hoc|x86.Deploy.0 = Release|x86
		{021F1BAC-9265-4318-986B-7765AEEC11EC}.AppStore|Any CPU.ActiveCfg = Release|Any CPU
		{021F1BAC-9265-4318-986B-7765AEEC11EC}.AppStore|Any CPU.Build.0 = Release|Any CPU
		{021F1BAC-9265-4318-986B-7765AEEC11EC}.AppStore|Any CPU.Deploy.0 = Release|Any CPU
		{021F1BAC-9265-4318-986B-7765AEEC11EC}.AppStore|ARM.ActiveCfg = Release|ARM
		{021F1BAC-9265-4318-986B-7765AEEC11EC}.AppStore|ARM.Build.0 = Release|ARM
		{021F1BAC-9265-4318-986B-7765AEEC11EC}.AppStore|ARM.Deploy.0 = Release|ARM
		{021F1BAC-9265-4318-986B-7765AEEC11EC}.AppStore|iPhone.ActiveCfg = Release|Any CPU
		{021F1BAC-9265-4318-986B-7765AEEC11EC}.AppStore|iPhone.Build.0 = Release|Any CPU
		{021F1BAC-9265-4318-986B-7765AEEC11EC}.AppStore|iPhone.Deploy.0 = Release|Any CPU
		{021F1BAC-9265-4318-986B-7765AEEC11EC}.AppStore|iPhoneSimulator.ActiveCfg = Release|Any CPU
		{021F1BAC-9265-4318-986B-7765AEEC11EC}.AppStore|iPhoneSimulator.Build.0 = Release|Any CPU
		{021F1BAC-9265-4318-986B-7765AEEC11EC}.AppStore|iPhoneSimulator.Deploy.0 = Release|Any CPU
		{021F1BAC-9265-4318-986B-7765AEEC11EC}.AppStore|x86.ActiveCfg = Release|x86
		{021F1BAC-9265-4318-986B-7765AEEC11EC}.AppStore|x86.Build.0 = Release|x86
		{021F1BAC-9265-4318-986B-7765AEEC11EC}.AppStore|x86.Deploy.0 = Release|x86
		{021F1BAC-9265-4318-986B-7765AEEC11EC}.Debug|Any CPU.ActiveCfg = Debug|Any CPU
		{021F1BAC-9265-4318-986B-7765AEEC11EC}.Debug|Any CPU.Build.0 = Debug|Any CPU
		{021F1BAC-9265-4318-986B-7765AEEC11EC}.Debug|Any CPU.Deploy.0 = Debug|Any CPU
		{021F1BAC-9265-4318-986B-7765AEEC11EC}.Debug|ARM.ActiveCfg = Debug|ARM
		{021F1BAC-9265-4318-986B-7765AEEC11EC}.Debug|ARM.Build.0 = Debug|ARM
		{021F1BAC-9265-4318-986B-7765AEEC11EC}.Debug|ARM.Deploy.0 = Debug|ARM
		{021F1BAC-9265-4318-986B-7765AEEC11EC}.Debug|iPhone.ActiveCfg = Debug|Any CPU
		{021F1BAC-9265-4318-986B-7765AEEC11EC}.Debug|iPhone.Build.0 = Debug|Any CPU
		{021F1BAC-9265-4318-986B-7765AEEC11EC}.Debug|iPhone.Deploy.0 = Debug|Any CPU
		{021F1BAC-9265-4318-986B-7765AEEC11EC}.Debug|iPhoneSimulator.ActiveCfg = Debug|Any CPU
		{021F1BAC-9265-4318-986B-7765AEEC11EC}.Debug|iPhoneSimulator.Build.0 = Debug|Any CPU
		{021F1BAC-9265-4318-986B-7765AEEC11EC}.Debug|iPhoneSimulator.Deploy.0 = Debug|Any CPU
		{021F1BAC-9265-4318-986B-7765AEEC11EC}.Debug|x86.ActiveCfg = Debug|x86
		{021F1BAC-9265-4318-986B-7765AEEC11EC}.Debug|x86.Build.0 = Debug|x86
		{021F1BAC-9265-4318-986B-7765AEEC11EC}.Debug|x86.Deploy.0 = Debug|x86
		{021F1BAC-9265-4318-986B-7765AEEC11EC}.Release|Any CPU.ActiveCfg = Release|Any CPU
		{021F1BAC-9265-4318-986B-7765AEEC11EC}.Release|Any CPU.Build.0 = Release|Any CPU
		{021F1BAC-9265-4318-986B-7765AEEC11EC}.Release|Any CPU.Deploy.0 = Release|Any CPU
		{021F1BAC-9265-4318-986B-7765AEEC11EC}.Release|ARM.ActiveCfg = Release|ARM
		{021F1BAC-9265-4318-986B-7765AEEC11EC}.Release|ARM.Build.0 = Release|ARM
		{021F1BAC-9265-4318-986B-7765AEEC11EC}.Release|ARM.Deploy.0 = Release|ARM
		{021F1BAC-9265-4318-986B-7765AEEC11EC}.Release|iPhone.ActiveCfg = Release|Any CPU
		{021F1BAC-9265-4318-986B-7765AEEC11EC}.Release|iPhone.Build.0 = Release|Any CPU
		{021F1BAC-9265-4318-986B-7765AEEC11EC}.Release|iPhone.Deploy.0 = Release|Any CPU
		{021F1BAC-9265-4318-986B-7765AEEC11EC}.Release|iPhoneSimulator.ActiveCfg = Release|Any CPU
		{021F1BAC-9265-4318-986B-7765AEEC11EC}.Release|iPhoneSimulator.Build.0 = Release|Any CPU
		{021F1BAC-9265-4318-986B-7765AEEC11EC}.Release|iPhoneSimulator.Deploy.0 = Release|Any CPU
		{021F1BAC-9265-4318-986B-7765AEEC11EC}.Release|x86.ActiveCfg = Release|x86
		{021F1BAC-9265-4318-986B-7765AEEC11EC}.Release|x86.Build.0 = Release|x86
		{021F1BAC-9265-4318-986B-7765AEEC11EC}.Release|x86.Deploy.0 = Release|x86
		{5281D060-33FA-4273-ACA2-A2094C7ED4C4}.Ad-Hoc|Any CPU.ActiveCfg = Ad-Hoc|iPhone
		{5281D060-33FA-4273-ACA2-A2094C7ED4C4}.Ad-Hoc|ARM.ActiveCfg = Ad-Hoc|iPhone
		{5281D060-33FA-4273-ACA2-A2094C7ED4C4}.Ad-Hoc|iPhone.ActiveCfg = Ad-Hoc|iPhone
		{5281D060-33FA-4273-ACA2-A2094C7ED4C4}.Ad-Hoc|iPhone.Build.0 = Ad-Hoc|iPhone
		{5281D060-33FA-4273-ACA2-A2094C7ED4C4}.Ad-Hoc|iPhoneSimulator.ActiveCfg = Ad-Hoc|iPhoneSimulator
		{5281D060-33FA-4273-ACA2-A2094C7ED4C4}.Ad-Hoc|iPhoneSimulator.Build.0 = Ad-Hoc|iPhoneSimulator
		{5281D060-33FA-4273-ACA2-A2094C7ED4C4}.Ad-Hoc|x86.ActiveCfg = Ad-Hoc|iPhone
		{5281D060-33FA-4273-ACA2-A2094C7ED4C4}.AppStore|Any CPU.ActiveCfg = AppStore|iPhone
		{5281D060-33FA-4273-ACA2-A2094C7ED4C4}.AppStore|ARM.ActiveCfg = AppStore|iPhone
		{5281D060-33FA-4273-ACA2-A2094C7ED4C4}.AppStore|iPhone.ActiveCfg = AppStore|iPhone
		{5281D060-33FA-4273-ACA2-A2094C7ED4C4}.AppStore|iPhone.Build.0 = AppStore|iPhone
		{5281D060-33FA-4273-ACA2-A2094C7ED4C4}.AppStore|iPhoneSimulator.ActiveCfg = AppStore|iPhoneSimulator
		{5281D060-33FA-4273-ACA2-A2094C7ED4C4}.AppStore|iPhoneSimulator.Build.0 = AppStore|iPhoneSimulator
		{5281D060-33FA-4273-ACA2-A2094C7ED4C4}.AppStore|x86.ActiveCfg = AppStore|iPhone
		{5281D060-33FA-4273-ACA2-A2094C7ED4C4}.Debug|Any CPU.ActiveCfg = Debug|iPhone
		{5281D060-33FA-4273-ACA2-A2094C7ED4C4}.Debug|ARM.ActiveCfg = Debug|iPhone
		{5281D060-33FA-4273-ACA2-A2094C7ED4C4}.Debug|iPhone.ActiveCfg = Debug|iPhone
		{5281D060-33FA-4273-ACA2-A2094C7ED4C4}.Debug|iPhone.Build.0 = Debug|iPhone
		{5281D060-33FA-4273-ACA2-A2094C7ED4C4}.Debug|iPhoneSimulator.ActiveCfg = Debug|iPhoneSimulator
		{5281D060-33FA-4273-ACA2-A2094C7ED4C4}.Debug|iPhoneSimulator.Build.0 = Debug|iPhoneSimulator
		{5281D060-33FA-4273-ACA2-A2094C7ED4C4}.Debug|x86.ActiveCfg = Debug|iPhone
		{5281D060-33FA-4273-ACA2-A2094C7ED4C4}.Release|Any CPU.ActiveCfg = Release|iPhone
		{5281D060-33FA-4273-ACA2-A2094C7ED4C4}.Release|ARM.ActiveCfg = Release|iPhone
		{5281D060-33FA-4273-ACA2-A2094C7ED4C4}.Release|iPhone.ActiveCfg = Release|iPhone
		{5281D060-33FA-4273-ACA2-A2094C7ED4C4}.Release|iPhone.Build.0 = Release|iPhone
		{5281D060-33FA-4273-ACA2-A2094C7ED4C4}.Release|iPhoneSimulator.ActiveCfg = Release|iPhoneSimulator
		{5281D060-33FA-4273-ACA2-A2094C7ED4C4}.Release|iPhoneSimulator.Build.0 = Release|iPhoneSimulator
		{5281D060-33FA-4273-ACA2-A2094C7ED4C4}.Release|x86.ActiveCfg = Release|iPhone
		{5D106880-E379-4EEF-A0D4-9D966C51EFEE}.Ad-Hoc|Any CPU.ActiveCfg = Release|Any CPU
		{5D106880-E379-4EEF-A0D4-9D966C51EFEE}.Ad-Hoc|Any CPU.Build.0 = Release|Any CPU
		{5D106880-E379-4EEF-A0D4-9D966C51EFEE}.Ad-Hoc|Any CPU.Deploy.0 = Release|Any CPU
		{5D106880-E379-4EEF-A0D4-9D966C51EFEE}.Ad-Hoc|ARM.ActiveCfg = Release|Any CPU
		{5D106880-E379-4EEF-A0D4-9D966C51EFEE}.Ad-Hoc|ARM.Build.0 = Release|Any CPU
		{5D106880-E379-4EEF-A0D4-9D966C51EFEE}.Ad-Hoc|ARM.Deploy.0 = Release|Any CPU
		{5D106880-E379-4EEF-A0D4-9D966C51EFEE}.Ad-Hoc|iPhone.ActiveCfg = Release|Any CPU
		{5D106880-E379-4EEF-A0D4-9D966C51EFEE}.Ad-Hoc|iPhone.Build.0 = Release|Any CPU
		{5D106880-E379-4EEF-A0D4-9D966C51EFEE}.Ad-Hoc|iPhone.Deploy.0 = Release|Any CPU
		{5D106880-E379-4EEF-A0D4-9D966C51EFEE}.Ad-Hoc|iPhoneSimulator.ActiveCfg = Release|Any CPU
		{5D106880-E379-4EEF-A0D4-9D966C51EFEE}.Ad-Hoc|iPhoneSimulator.Build.0 = Release|Any CPU
		{5D106880-E379-4EEF-A0D4-9D966C51EFEE}.Ad-Hoc|iPhoneSimulator.Deploy.0 = Release|Any CPU
		{5D106880-E379-4EEF-A0D4-9D966C51EFEE}.Ad-Hoc|x86.ActiveCfg = Release|Any CPU
		{5D106880-E379-4EEF-A0D4-9D966C51EFEE}.Ad-Hoc|x86.Build.0 = Release|Any CPU
		{5D106880-E379-4EEF-A0D4-9D966C51EFEE}.Ad-Hoc|x86.Deploy.0 = Release|Any CPU
		{5D106880-E379-4EEF-A0D4-9D966C51EFEE}.AppStore|Any CPU.ActiveCfg = Release|Any CPU
		{5D106880-E379-4EEF-A0D4-9D966C51EFEE}.AppStore|Any CPU.Build.0 = Release|Any CPU
		{5D106880-E379-4EEF-A0D4-9D966C51EFEE}.AppStore|Any CPU.Deploy.0 = Release|Any CPU
		{5D106880-E379-4EEF-A0D4-9D966C51EFEE}.AppStore|ARM.ActiveCfg = Release|Any CPU
		{5D106880-E379-4EEF-A0D4-9D966C51EFEE}.AppStore|ARM.Build.0 = Release|Any CPU
		{5D106880-E379-4EEF-A0D4-9D966C51EFEE}.AppStore|ARM.Deploy.0 = Release|Any CPU
		{5D106880-E379-4EEF-A0D4-9D966C51EFEE}.AppStore|iPhone.ActiveCfg = Release|Any CPU
		{5D106880-E379-4EEF-A0D4-9D966C51EFEE}.AppStore|iPhone.Build.0 = Release|Any CPU
		{5D106880-E379-4EEF-A0D4-9D966C51EFEE}.AppStore|iPhone.Deploy.0 = Release|Any CPU
		{5D106880-E379-4EEF-A0D4-9D966C51EFEE}.AppStore|iPhoneSimulator.ActiveCfg = Release|Any CPU
		{5D106880-E379-4EEF-A0D4-9D966C51EFEE}.AppStore|iPhoneSimulator.Build.0 = Release|Any CPU
		{5D106880-E379-4EEF-A0D4-9D966C51EFEE}.AppStore|iPhoneSimulator.Deploy.0 = Release|Any CPU
		{5D106880-E379-4EEF-A0D4-9D966C51EFEE}.AppStore|x86.ActiveCfg = Release|Any CPU
		{5D106880-E379-4EEF-A0D4-9D966C51EFEE}.AppStore|x86.Build.0 = Release|Any CPU
		{5D106880-E379-4EEF-A0D4-9D966C51EFEE}.AppStore|x86.Deploy.0 = Release|Any CPU
		{5D106880-E379-4EEF-A0D4-9D966C51EFEE}.Debug|Any CPU.ActiveCfg = Debug|Any CPU
		{5D106880-E379-4EEF-A0D4-9D966C51EFEE}.Debug|Any CPU.Build.0 = Debug|Any CPU
		{5D106880-E379-4EEF-A0D4-9D966C51EFEE}.Debug|Any CPU.Deploy.0 = Debug|Any CPU
		{5D106880-E379-4EEF-A0D4-9D966C51EFEE}.Debug|ARM.ActiveCfg = Debug|Any CPU
		{5D106880-E379-4EEF-A0D4-9D966C51EFEE}.Debug|ARM.Build.0 = Debug|Any CPU
		{5D106880-E379-4EEF-A0D4-9D966C51EFEE}.Debug|ARM.Deploy.0 = Debug|Any CPU
		{5D106880-E379-4EEF-A0D4-9D966C51EFEE}.Debug|iPhone.ActiveCfg = Debug|Any CPU
		{5D106880-E379-4EEF-A0D4-9D966C51EFEE}.Debug|iPhone.Build.0 = Debug|Any CPU
		{5D106880-E379-4EEF-A0D4-9D966C51EFEE}.Debug|iPhone.Deploy.0 = Debug|Any CPU
		{5D106880-E379-4EEF-A0D4-9D966C51EFEE}.Debug|iPhoneSimulator.ActiveCfg = Debug|Any CPU
		{5D106880-E379-4EEF-A0D4-9D966C51EFEE}.Debug|iPhoneSimulator.Build.0 = Debug|Any CPU
		{5D106880-E379-4EEF-A0D4-9D966C51EFEE}.Debug|iPhoneSimulator.Deploy.0 = Debug|Any CPU
		{5D106880-E379-4EEF-A0D4-9D966C51EFEE}.Debug|x86.ActiveCfg = Debug|Any CPU
		{5D106880-E379-4EEF-A0D4-9D966C51EFEE}.Debug|x86.Build.0 = Debug|Any CPU
		{5D106880-E379-4EEF-A0D4-9D966C51EFEE}.Debug|x86.Deploy.0 = Debug|Any CPU
		{5D106880-E379-4EEF-A0D4-9D966C51EFEE}.Release|Any CPU.ActiveCfg = Release|Any CPU
		{5D106880-E379-4EEF-A0D4-9D966C51EFEE}.Release|Any CPU.Build.0 = Release|Any CPU
		{5D106880-E379-4EEF-A0D4-9D966C51EFEE}.Release|Any CPU.Deploy.0 = Release|Any CPU
		{5D106880-E379-4EEF-A0D4-9D966C51EFEE}.Release|ARM.ActiveCfg = Release|Any CPU
		{5D106880-E379-4EEF-A0D4-9D966C51EFEE}.Release|ARM.Build.0 = Release|Any CPU
		{5D106880-E379-4EEF-A0D4-9D966C51EFEE}.Release|ARM.Deploy.0 = Release|Any CPU
		{5D106880-E379-4EEF-A0D4-9D966C51EFEE}.Release|iPhone.ActiveCfg = Release|Any CPU
		{5D106880-E379-4EEF-A0D4-9D966C51EFEE}.Release|iPhone.Build.0 = Release|Any CPU
		{5D106880-E379-4EEF-A0D4-9D966C51EFEE}.Release|iPhone.Deploy.0 = Release|Any CPU
		{5D106880-E379-4EEF-A0D4-9D966C51EFEE}.Release|iPhoneSimulator.ActiveCfg = Release|Any CPU
		{5D106880-E379-4EEF-A0D4-9D966C51EFEE}.Release|iPhoneSimulator.Build.0 = Release|Any CPU
		{5D106880-E379-4EEF-A0D4-9D966C51EFEE}.Release|iPhoneSimulator.Deploy.0 = Release|Any CPU
		{5D106880-E379-4EEF-A0D4-9D966C51EFEE}.Release|x86.ActiveCfg = Release|Any CPU
		{5D106880-E379-4EEF-A0D4-9D966C51EFEE}.Release|x86.Build.0 = Release|Any CPU
		{5D106880-E379-4EEF-A0D4-9D966C51EFEE}.Release|x86.Deploy.0 = Release|Any CPU
		{73AA8E06-70C4-4FB2-9833-E514A61C5533}.Ad-Hoc|Any CPU.ActiveCfg = Release|Any CPU
		{73AA8E06-70C4-4FB2-9833-E514A61C5533}.Ad-Hoc|Any CPU.Build.0 = Release|Any CPU
		{73AA8E06-70C4-4FB2-9833-E514A61C5533}.Ad-Hoc|ARM.ActiveCfg = Release|Any CPU
		{73AA8E06-70C4-4FB2-9833-E514A61C5533}.Ad-Hoc|ARM.Build.0 = Release|Any CPU
		{73AA8E06-70C4-4FB2-9833-E514A61C5533}.Ad-Hoc|iPhone.ActiveCfg = Release|Any CPU
		{73AA8E06-70C4-4FB2-9833-E514A61C5533}.Ad-Hoc|iPhone.Build.0 = Release|Any CPU
		{73AA8E06-70C4-4FB2-9833-E514A61C5533}.Ad-Hoc|iPhoneSimulator.ActiveCfg = Release|Any CPU
		{73AA8E06-70C4-4FB2-9833-E514A61C5533}.Ad-Hoc|iPhoneSimulator.Build.0 = Release|Any CPU
		{73AA8E06-70C4-4FB2-9833-E514A61C5533}.Ad-Hoc|x86.ActiveCfg = Release|Any CPU
		{73AA8E06-70C4-4FB2-9833-E514A61C5533}.Ad-Hoc|x86.Build.0 = Release|Any CPU
		{73AA8E06-70C4-4FB2-9833-E514A61C5533}.AppStore|Any CPU.ActiveCfg = Release|Any CPU
		{73AA8E06-70C4-4FB2-9833-E514A61C5533}.AppStore|Any CPU.Build.0 = Release|Any CPU
		{73AA8E06-70C4-4FB2-9833-E514A61C5533}.AppStore|ARM.ActiveCfg = Release|Any CPU
		{73AA8E06-70C4-4FB2-9833-E514A61C5533}.AppStore|ARM.Build.0 = Release|Any CPU
		{73AA8E06-70C4-4FB2-9833-E514A61C5533}.AppStore|iPhone.ActiveCfg = Release|Any CPU
		{73AA8E06-70C4-4FB2-9833-E514A61C5533}.AppStore|iPhone.Build.0 = Release|Any CPU
		{73AA8E06-70C4-4FB2-9833-E514A61C5533}.AppStore|iPhoneSimulator.ActiveCfg = Release|Any CPU
		{73AA8E06-70C4-4FB2-9833-E514A61C5533}.AppStore|iPhoneSimulator.Build.0 = Release|Any CPU
		{73AA8E06-70C4-4FB2-9833-E514A61C5533}.AppStore|x86.ActiveCfg = Release|Any CPU
		{73AA8E06-70C4-4FB2-9833-E514A61C5533}.AppStore|x86.Build.0 = Release|Any CPU
		{73AA8E06-70C4-4FB2-9833-E514A61C5533}.Debug|Any CPU.ActiveCfg = Debug|Any CPU
		{73AA8E06-70C4-4FB2-9833-E514A61C5533}.Debug|Any CPU.Build.0 = Debug|Any CPU
		{73AA8E06-70C4-4FB2-9833-E514A61C5533}.Debug|ARM.ActiveCfg = Debug|Any CPU
		{73AA8E06-70C4-4FB2-9833-E514A61C5533}.Debug|ARM.Build.0 = Debug|Any CPU
		{73AA8E06-70C4-4FB2-9833-E514A61C5533}.Debug|iPhone.ActiveCfg = Debug|Any CPU
		{73AA8E06-70C4-4FB2-9833-E514A61C5533}.Debug|iPhone.Build.0 = Debug|Any CPU
		{73AA8E06-70C4-4FB2-9833-E514A61C5533}.Debug|iPhoneSimulator.ActiveCfg = Debug|Any CPU
		{73AA8E06-70C4-4FB2-9833-E514A61C5533}.Debug|iPhoneSimulator.Build.0 = Debug|Any CPU
		{73AA8E06-70C4-4FB2-9833-E514A61C5533}.Debug|x86.ActiveCfg = Debug|Any CPU
		{73AA8E06-70C4-4FB2-9833-E514A61C5533}.Debug|x86.Build.0 = Debug|Any CPU
		{73AA8E06-70C4-4FB2-9833-E514A61C5533}.Release|Any CPU.ActiveCfg = Release|Any CPU
		{73AA8E06-70C4-4FB2-9833-E514A61C5533}.Release|Any CPU.Build.0 = Release|Any CPU
		{73AA8E06-70C4-4FB2-9833-E514A61C5533}.Release|ARM.ActiveCfg = Release|Any CPU
		{73AA8E06-70C4-4FB2-9833-E514A61C5533}.Release|ARM.Build.0 = Release|Any CPU
		{73AA8E06-70C4-4FB2-9833-E514A61C5533}.Release|iPhone.ActiveCfg = Release|Any CPU
		{73AA8E06-70C4-4FB2-9833-E514A61C5533}.Release|iPhone.Build.0 = Release|Any CPU
		{73AA8E06-70C4-4FB2-9833-E514A61C5533}.Release|iPhoneSimulator.ActiveCfg = Release|Any CPU
		{73AA8E06-70C4-4FB2-9833-E514A61C5533}.Release|iPhoneSimulator.Build.0 = Release|Any CPU
		{73AA8E06-70C4-4FB2-9833-E514A61C5533}.Release|x86.ActiveCfg = Release|Any CPU
		{73AA8E06-70C4-4FB2-9833-E514A61C5533}.Release|x86.Build.0 = Release|Any CPU
	EndGlobalSection
	GlobalSection(SolutionProperties) = preSolution
		HideSolutionNode = FALSE
	EndGlobalSection
EndGlobal
